
Microsoft Visual Studio Solution File, Format Version 12.00
# Visual Studio Version 16
VisualStudioVersion = 16.0.30907.101
MinimumVisualStudioVersion = 10.0.40219.1
Project("{9A19103F-16F7-4668-BE54-9A1E7A4F7556}") = "CalculaJuros.API", "CalculaJuros\CalculaJuros.API.csproj", "{FF65A8E2-FDE9-4CEB-ACC9-8D49189ABC22}"
EndProject
Project("{9A19103F-16F7-4668-BE54-9A1E7A4F7556}") = "TaxaJuros.API", "Juros\TaxaJuros.API.csproj", "{DCA194E4-2C38-4EF2-8EE0-0FF825218C20}"
EndProject
Project("{9A19103F-16F7-4668-BE54-9A1E7A4F7556}") = "Tests", "Tests\Tests.csproj", "{3B49AB37-92FD-4787-B5D6-8AA7CBE4DACC}"
EndProject
Global
	GlobalSection(SolutionConfigurationPlatforms) = preSolution
		Debug|Any CPU = Debug|Any CPU
		Release|Any CPU = Release|Any CPU
	EndGlobalSection
	GlobalSection(ProjectConfigurationPlatforms) = postSolution
		{FF65A8E2-FDE9-4CEB-ACC9-8D49189ABC22}.Debug|Any CPU.ActiveCfg = Debug|Any CPU
		{FF65A8E2-FDE9-4CEB-ACC9-8D49189ABC22}.Debug|Any CPU.Build.0 = Debug|Any CPU
		{FF65A8E2-FDE9-4CEB-ACC9-8D49189ABC22}.Release|Any CPU.ActiveCfg = Release|Any CPU
		{FF65A8E2-FDE9-4CEB-ACC9-8D49189ABC22}.Release|Any CPU.Build.0 = Release|Any CPU
		{DCA194E4-2C38-4EF2-8EE0-0FF825218C20}.Debug|Any CPU.ActiveCfg = Debug|Any CPU
		{DCA194E4-2C38-4EF2-8EE0-0FF825218C20}.Debug|Any CPU.Build.0 = Debug|Any CPU
		{DCA194E4-2C38-4EF2-8EE0-0FF825218C20}.Release|Any CPU.ActiveCfg = Release|Any CPU
		{DCA194E4-2C38-4EF2-8EE0-0FF825218C20}.Release|Any CPU.Build.0 = Release|Any CPU
		{3B49AB37-92FD-4787-B5D6-8AA7CBE4DACC}.Debug|Any CPU.ActiveCfg = Debug|Any CPU
		{3B49AB37-92FD-4787-B5D6-8AA7CBE4DACC}.Debug|Any CPU.Build.0 = Debug|Any CPU
		{3B49AB37-92FD-4787-B5D6-8AA7CBE4DACC}.Release|Any CPU.ActiveCfg = Release|Any CPU
		{3B49AB37-92FD-4787-B5D6-8AA7CBE4DACC}.Release|Any CPU.Build.0 = Release|Any CPU
	EndGlobalSection
	GlobalSection(SolutionProperties) = preSolution
		HideSolutionNode = FALSE
	EndGlobalSection
	GlobalSection(ExtensibilityGlobals) = postSolution
		SolutionGuid = {CE3FF6AE-999B-4812-BD90-54FF7624CFD1}
	EndGlobalSection
EndGlobal
